{
    "_readme": [
        "This file locks the dependencies of your project to a known state",
        "Read more about it at https://getcomposer.org/doc/01-basic-usage.md#installing-dependencies",
        "This file is @generated automatically"
    ],
    "content-hash": "e1bd5b2206ba865e1a9fe851e279cda1",
    "packages": [
        {
            "name": "bozhinov/pchart",
            "version": "2.2.3",
            "source": {
                "type": "git",
                "url": "https://github.com/bozhinov/pchart.git",
                "reference": "62cc2b8af856b2630960f222d361b0f1d94e6b3c"
            },
            "dist": {
                "type": "zip",
                "url": "https://api.github.com/repos/bozhinov/pchart/zipball/62cc2b8af856b2630960f222d361b0f1d94e6b3c",
                "reference": "62cc2b8af856b2630960f222d361b0f1d94e6b3c",
                "shasum": ""
            },
            "require": {
                "ext-gd": "*",
                "php": ">=7.0"
            },
            "type": "project",
            "autoload": {
                "classmap": [
                    "pChart/"
                ]
            },
            "notification-url": "https://packagist.org/downloads/",
            "license": [
                "GPL-3.0"
            ],
            "authors": [
                {
                    "name": "Momchil Bozhinov(bozhinov)",
                    "email": "momchil@bojinov.info"
                }
            ],
            "description": "pChart 2.2 compatible with PHP 7",
            "homepage": "https://github.com/bozhinov/pChart2.0-for-PHP7",
            "keywords": [
                "PHP7",
                "bar",
                "charts",
                "form",
                "php",
                "pie",
                "server side charts"
            ],
            "support": {
                "issues": "https://github.com/bozhinov/pChart2.0-for-PHP7/issues",
                "source": "https://github.com/bozhinov/pChart2.0-for-PHP7"
            },
            "time": "2018-11-21T19:07:43+00:00"
        }
    ],
    "packages-dev": [],
    "aliases": [],
    "minimum-stability": "stable",
    "stability-flags": [],
    "prefer-stable": false,
    "prefer-lowest": false,
    "platform": [],
    "platform-dev": [],
    "plugin-api-version": "2.2.0"
}
